
Microsoft Visual Studio Solution File, Format Version 12.00
# Visual Studio Version 16
VisualStudioVersion = 16.0.30611.23
MinimumVisualStudioVersion = 10.0.40219.1
Project("{8BC9CEB8-8B4A-11D0-8D11-00A0C91BC942}") = "exercise_1_DS", "exercise_1_DS\exercise_1_DS.vcxproj", "{A2706256-C02F-427B-BA37-035AA0468584}"
EndProject
Project("{8BC9CEB8-8B4A-11D0-8D11-00A0C91BC942}") = "exercise_2_DS", "exercise_2_DS\exercise_2_DS.vcxproj", "{AC8F6DDD-4ACE-40FC-B8BE-1E89D7BB0117}"
EndProject
Global
	GlobalSection(SolutionConfigurationPlatforms) = preSolution
		Debug|x64 = Debug|x64
		Debug|x86 = Debug|x86
		Release|x64 = Release|x64
		Release|x86 = Release|x86
	EndGlobalSection
	GlobalSection(ProjectConfigurationPlatforms) = postSolution
		{A2706256-C02F-427B-BA37-035AA0468584}.Debug|x64.ActiveCfg = Debug|x64
		{A2706256-C02F-427B-BA37-035AA0468584}.Debug|x64.Build.0 = Debug|x64
		{A2706256-C02F-427B-BA37-035AA0468584}.Debug|x86.ActiveCfg = Debug|Win32
		{A2706256-C02F-427B-BA37-035AA0468584}.Debug|x86.Build.0 = Debug|Win32
		{A2706256-C02F-427B-BA37-035AA0468584}.Release|x64.ActiveCfg = Release|x64
		{A2706256-C02F-427B-BA37-035AA0468584}.Release|x64.Build.0 = Release|x64
		{A2706256-C02F-427B-BA37-035AA0468584}.Release|x86.ActiveCfg = Release|Win32
		{A2706256-C02F-427B-BA37-035AA0468584}.Release|x86.Build.0 = Release|Win32
		{AC8F6DDD-4ACE-40FC-B8BE-1E89D7BB0117}.Debug|x64.ActiveCfg = Debug|x64
		{AC8F6DDD-4ACE-40FC-B8BE-1E89D7BB0117}.Debug|x64.Build.0 = Debug|x64
		{AC8F6DDD-4ACE-40FC-B8BE-1E89D7BB0117}.Debug|x86.ActiveCfg = Debug|Win32
		{AC8F6DDD-4ACE-40FC-B8BE-1E89D7BB0117}.Debug|x86.Build.0 = Debug|Win32
		{AC8F6DDD-4ACE-40FC-B8BE-1E89D7BB0117}.Release|x64.ActiveCfg = Release|x64
		{AC8F6DDD-4ACE-40FC-B8BE-1E89D7BB0117}.Release|x64.Build.0 = Release|x64
		{AC8F6DDD-4ACE-40FC-B8BE-1E89D7BB0117}.Release|x86.ActiveCfg = Release|Win32
		{AC8F6DDD-4ACE-40FC-B8BE-1E89D7BB0117}.Release|x86.Build.0 = Release|Win32
	EndGlobalSection
	GlobalSection(SolutionProperties) = preSolution
		HideSolutionNode = FALSE
	EndGlobalSection
	GlobalSection(ExtensibilityGlobals) = postSolution
		SolutionGuid = {C4C3E174-D662-47AD-858F-0EEA0C59F873}
	EndGlobalSection
EndGlobal
